
Microsoft Visual Studio Solution File, Format Version 12.00
# Visual Studio Version 17
VisualStudioVersion = 17.5.002.0
MinimumVisualStudioVersion = 10.0.40219.1
Project("{9A19103F-16F7-4668-BE54-9A1E7A4F7556}") = "Day01", "Day01\Day01.csproj", "{9C49FADF-E8D7-4898-85D2-53A8DBEF7910}"
EndProject
Project("{9A19103F-16F7-4668-BE54-9A1E7A4F7556}") = "Day02", "Day02\Day02.csproj", "{EC8C3C8D-8A93-4327-B2DF-E3485DFC33D4}"
EndProject
Project("{9A19103F-16F7-4668-BE54-9A1E7A4F7556}") = "Day03", "Day03\Day03.csproj", "{9865B6C5-BF4D-4526-98C1-458407669230}"
EndProject
Project("{9A19103F-16F7-4668-BE54-9A1E7A4F7556}") = "Day04", "Day04\Day04.csproj", "{E43A60E7-1187-4D36-88E8-F8997FCB0194}"
EndProject
Project("{9A19103F-16F7-4668-BE54-9A1E7A4F7556}") = "Day05", "Day05\Day05.csproj", "{43AC8220-9A0A-4AC3-B1F7-9C377B8BB08B}"
EndProject
Project("{9A19103F-16F7-4668-BE54-9A1E7A4F7556}") = "Day06", "Day06\Day06.csproj", "{D8C147A3-0CAA-46B0-B0E8-63F11B8214D9}"
EndProject
Project("{9A19103F-16F7-4668-BE54-9A1E7A4F7556}") = "Day07", "Day07\Day07.csproj", "{52B344D0-2774-4806-B698-236572EFD068}"
EndProject
Project("{9A19103F-16F7-4668-BE54-9A1E7A4F7556}") = "Day08", "Day08\Day08.csproj", "{C0EAD52E-89A7-462C-A2EF-2DC2C2AC8996}"
EndProject
Project("{9A19103F-16F7-4668-BE54-9A1E7A4F7556}") = "Day09", "Day09\Day09.csproj", "{967D4A9A-1F9F-4EA3-9CF4-EDFF6BD1E0DE}"
EndProject
Project("{9A19103F-16F7-4668-BE54-9A1E7A4F7556}") = "Day10", "Day10\Day10.csproj", "{361AD068-9243-4848-A4BC-1D4D5B7A3992}"
EndProject
Project("{9A19103F-16F7-4668-BE54-9A1E7A4F7556}") = "Day11", "Day11\Day11.csproj", "{38068AA4-05D1-4C4B-BA38-28F0DE23DF5A}"
EndProject
Project("{9A19103F-16F7-4668-BE54-9A1E7A4F7556}") = "Day12", "Day12\Day12.csproj", "{F870BABD-A7C3-4CBD-A6E0-3376DFC3FCF9}"
EndProject
Project("{9A19103F-16F7-4668-BE54-9A1E7A4F7556}") = "Day13", "Day13\Day13.csproj", "{E0A6C096-CE48-4BC2-A70A-F7B5960823C8}"
EndProject
Project("{9A19103F-16F7-4668-BE54-9A1E7A4F7556}") = "Day14", "Day14\Day14.csproj", "{A8642886-844B-4034-AA3D-AE15CAE16B61}"
EndProject
Project("{9A19103F-16F7-4668-BE54-9A1E7A4F7556}") = "Day15", "Day15\Day15.csproj", "{5E021DD2-3F3F-4306-AE7F-750F6FC45AA8}"
EndProject
Project("{9A19103F-16F7-4668-BE54-9A1E7A4F7556}") = "Day16", "Day16\Day16.csproj", "{D01D7931-22B3-48F2-A063-C5FC4354F206}"
EndProject
Project("{9A19103F-16F7-4668-BE54-9A1E7A4F7556}") = "Day17", "Day17\Day17.csproj", "{44EC1828-ECA4-4C5B-95ED-2F38265FAD0A}"
EndProject
Project("{9A19103F-16F7-4668-BE54-9A1E7A4F7556}") = "Day18", "Day18\Day18.csproj", "{C5D7D692-4EB4-4F91-AF4E-EC71518699F1}"
EndProject
Project("{9A19103F-16F7-4668-BE54-9A1E7A4F7556}") = "Day19", "Day19\Day19.csproj", "{64AED859-79BD-4976-A685-900653D0AF6A}"
EndProject
Project("{9A19103F-16F7-4668-BE54-9A1E7A4F7556}") = "Day20", "Day20\Day20.csproj", "{B62AA80C-6C90-4D43-A049-1518837F2CD2}"
EndProject
Project("{9A19103F-16F7-4668-BE54-9A1E7A4F7556}") = "Day21", "Day21\Day21.csproj", "{347ED6DC-1DB9-4B38-9280-E338AEDC996D}"
EndProject
Project("{9A19103F-16F7-4668-BE54-9A1E7A4F7556}") = "Day22", "Day22\Day22.csproj", "{520D774E-B213-401E-A761-98756E626BDE}"
EndProject
Project("{9A19103F-16F7-4668-BE54-9A1E7A4F7556}") = "Day23", "Day23\Day23.csproj", "{CBBF0BBF-DE01-4CE4-AD06-F65436BAF0D6}"
EndProject
Project("{9A19103F-16F7-4668-BE54-9A1E7A4F7556}") = "Day24", "Day24\Day24.csproj", "{928A4D8B-24D6-4B67-BDF3-9A0CC3DE30C4}"
EndProject
Project("{9A19103F-16F7-4668-BE54-9A1E7A4F7556}") = "Day25", "Day25\Day25.csproj", "{26C96AE1-DCDA-4C09-B160-2BCF22AAE413}"
EndProject
Global
	GlobalSection(SolutionConfigurationPlatforms) = preSolution
		Debug|Any CPU = Debug|Any CPU
		Release|Any CPU = Release|Any CPU
	EndGlobalSection
	GlobalSection(ProjectConfigurationPlatforms) = postSolution
		{9C49FADF-E8D7-4898-85D2-53A8DBEF7910}.Debug|Any CPU.ActiveCfg = Debug|Any CPU
		{9C49FADF-E8D7-4898-85D2-53A8DBEF7910}.Debug|Any CPU.Build.0 = Debug|Any CPU
		{9C49FADF-E8D7-4898-85D2-53A8DBEF7910}.Release|Any CPU.ActiveCfg = Release|Any CPU
		{9C49FADF-E8D7-4898-85D2-53A8DBEF7910}.Release|Any CPU.Build.0 = Release|Any CPU
		{EC8C3C8D-8A93-4327-B2DF-E3485DFC33D4}.Debug|Any CPU.ActiveCfg = Debug|Any CPU
		{EC8C3C8D-8A93-4327-B2DF-E3485DFC33D4}.Debug|Any CPU.Build.0 = Debug|Any CPU
		{EC8C3C8D-8A93-4327-B2DF-E3485DFC33D4}.Release|Any CPU.ActiveCfg = Release|Any CPU
		{EC8C3C8D-8A93-4327-B2DF-E3485DFC33D4}.Release|Any CPU.Build.0 = Release|Any CPU
		{9865B6C5-BF4D-4526-98C1-458407669230}.Debug|Any CPU.ActiveCfg = Debug|Any CPU
		{9865B6C5-BF4D-4526-98C1-458407669230}.Debug|Any CPU.Build.0 = Debug|Any CPU
		{9865B6C5-BF4D-4526-98C1-458407669230}.Release|Any CPU.ActiveCfg = Release|Any CPU
		{9865B6C5-BF4D-4526-98C1-458407669230}.Release|Any CPU.Build.0 = Release|Any CPU
		{E43A60E7-1187-4D36-88E8-F8997FCB0194}.Debug|Any CPU.ActiveCfg = Debug|Any CPU
		{E43A60E7-1187-4D36-88E8-F8997FCB0194}.Debug|Any CPU.Build.0 = Debug|Any CPU
		{E43A60E7-1187-4D36-88E8-F8997FCB0194}.Release|Any CPU.ActiveCfg = Release|Any CPU
		{E43A60E7-1187-4D36-88E8-F8997FCB0194}.Release|Any CPU.Build.0 = Release|Any CPU
		{43AC8220-9A0A-4AC3-B1F7-9C377B8BB08B}.Debug|Any CPU.ActiveCfg = Debug|Any CPU
		{43AC8220-9A0A-4AC3-B1F7-9C377B8BB08B}.Debug|Any CPU.Build.0 = Debug|Any CPU
		{43AC8220-9A0A-4AC3-B1F7-9C377B8BB08B}.Release|Any CPU.ActiveCfg = Release|Any CPU
		{43AC8220-9A0A-4AC3-B1F7-9C377B8BB08B}.Release|Any CPU.Build.0 = Release|Any CPU
		{D8C147A3-0CAA-46B0-B0E8-63F11B8214D9}.Debug|Any CPU.ActiveCfg = Debug|Any CPU
		{D8C147A3-0CAA-46B0-B0E8-63F11B8214D9}.Debug|Any CPU.Build.0 = Debug|Any CPU
		{D8C147A3-0CAA-46B0-B0E8-63F11B8214D9}.Release|Any CPU.ActiveCfg = Release|Any CPU
		{D8C147A3-0CAA-46B0-B0E8-63F11B8214D9}.Release|Any CPU.Build.0 = Release|Any CPU
		{52B344D0-2774-4806-B698-236572EFD068}.Debug|Any CPU.ActiveCfg = Debug|Any CPU
		{52B344D0-2774-4806-B698-236572EFD068}.Debug|Any CPU.Build.0 = Debug|Any CPU
		{52B344D0-2774-4806-B698-236572EFD068}.Release|Any CPU.ActiveCfg = Release|Any CPU
		{52B344D0-2774-4806-B698-236572EFD068}.Release|Any CPU.Build.0 = Release|Any CPU
		{C0EAD52E-89A7-462C-A2EF-2DC2C2AC8996}.Debug|Any CPU.ActiveCfg = Debug|Any CPU
		{C0EAD52E-89A7-462C-A2EF-2DC2C2AC8996}.Debug|Any CPU.Build.0 = Debug|Any CPU
		{C0EAD52E-89A7-462C-A2EF-2DC2C2AC8996}.Release|Any CPU.ActiveCfg = Release|Any CPU
		{C0EAD52E-89A7-462C-A2EF-2DC2C2AC8996}.Release|Any CPU.Build.0 = Release|Any CPU
		{967D4A9A-1F9F-4EA3-9CF4-EDFF6BD1E0DE}.Debug|Any CPU.ActiveCfg = Debug|Any CPU
		{967D4A9A-1F9F-4EA3-9CF4-EDFF6BD1E0DE}.Debug|Any CPU.Build.0 = Debug|Any CPU
		{967D4A9A-1F9F-4EA3-9CF4-EDFF6BD1E0DE}.Release|Any CPU.ActiveCfg = Release|Any CPU
		{967D4A9A-1F9F-4EA3-9CF4-EDFF6BD1E0DE}.Release|Any CPU.Build.0 = Release|Any CPU
		{361AD068-9243-4848-A4BC-1D4D5B7A3992}.Debug|Any CPU.ActiveCfg = Debug|Any CPU
		{361AD068-9243-4848-A4BC-1D4D5B7A3992}.Debug|Any CPU.Build.0 = Debug|Any CPU
		{361AD068-9243-4848-A4BC-1D4D5B7A3992}.Release|Any CPU.ActiveCfg = Release|Any CPU
		{361AD068-9243-4848-A4BC-1D4D5B7A3992}.Release|Any CPU.Build.0 = Release|Any CPU
		{38068AA4-05D1-4C4B-BA38-28F0DE23DF5A}.Debug|Any CPU.ActiveCfg = Debug|Any CPU
		{38068AA4-05D1-4C4B-BA38-28F0DE23DF5A}.Debug|Any CPU.Build.0 = Debug|Any CPU
		{38068AA4-05D1-4C4B-BA38-28F0DE23DF5A}.Release|Any CPU.ActiveCfg = Release|Any CPU
		{38068AA4-05D1-4C4B-BA38-28F0DE23DF5A}.Release|Any CPU.Build.0 = Release|Any CPU
		{F870BABD-A7C3-4CBD-A6E0-3376DFC3FCF9}.Debug|Any CPU.ActiveCfg = Debug|Any CPU
		{F870BABD-A7C3-4CBD-A6E0-3376DFC3FCF9}.Debug|Any CPU.Build.0 = Debug|Any CPU
		{F870BABD-A7C3-4CBD-A6E0-3376DFC3FCF9}.Release|Any CPU.ActiveCfg = Release|Any CPU
		{F870BABD-A7C3-4CBD-A6E0-3376DFC3FCF9}.Release|Any CPU.Build.0 = Release|Any CPU
		{E0A6C096-CE48-4BC2-A70A-F7B5960823C8}.Debug|Any CPU.ActiveCfg = Debug|Any CPU
		{E0A6C096-CE48-4BC2-A70A-F7B5960823C8}.Debug|Any CPU.Build.0 = Debug|Any CPU
		{E0A6C096-CE48-4BC2-A70A-F7B5960823C8}.Release|Any CPU.ActiveCfg = Release|Any CPU
		{E0A6C096-CE48-4BC2-A70A-F7B5960823C8}.Release|Any CPU.Build.0 = Release|Any CPU
		{A8642886-844B-4034-AA3D-AE15CAE16B61}.Debug|Any CPU.ActiveCfg = Debug|Any CPU
		{A8642886-844B-4034-AA3D-AE15CAE16B61}.Debug|Any CPU.Build.0 = Debug|Any CPU
		{A8642886-844B-4034-AA3D-AE15CAE16B61}.Release|Any CPU.ActiveCfg = Release|Any CPU
		{A8642886-844B-4034-AA3D-AE15CAE16B61}.Release|Any CPU.Build.0 = Release|Any CPU
		{5E021DD2-3F3F-4306-AE7F-750F6FC45AA8}.Debug|Any CPU.ActiveCfg = Debug|Any CPU
		{5E021DD2-3F3F-4306-AE7F-750F6FC45AA8}.Debug|Any CPU.Build.0 = Debug|Any CPU
		{5E021DD2-3F3F-4306-AE7F-750F6FC45AA8}.Release|Any CPU.ActiveCfg = Release|Any CPU
		{5E021DD2-3F3F-4306-AE7F-750F6FC45AA8}.Release|Any CPU.Build.0 = Release|Any CPU
		{D01D7931-22B3-48F2-A063-C5FC4354F206}.Debug|Any CPU.ActiveCfg = Debug|Any CPU
		{D01D7931-22B3-48F2-A063-C5FC4354F206}.Debug|Any CPU.Build.0 = Debug|Any CPU
		{D01D7931-22B3-48F2-A063-C5FC4354F206}.Release|Any CPU.ActiveCfg = Release|Any CPU
		{D01D7931-22B3-48F2-A063-C5FC4354F206}.Release|Any CPU.Build.0 = Release|Any CPU
		{44EC1828-ECA4-4C5B-95ED-2F38265FAD0A}.Debug|Any CPU.ActiveCfg = Debug|Any CPU
		{44EC1828-ECA4-4C5B-95ED-2F38265FAD0A}.Debug|Any CPU.Build.0 = Debug|Any CPU
		{44EC1828-ECA4-4C5B-95ED-2F38265FAD0A}.Release|Any CPU.ActiveCfg = Release|Any CPU
		{44EC1828-ECA4-4C5B-95ED-2F38265FAD0A}.Release|Any CPU.Build.0 = Release|Any CPU
		{C5D7D692-4EB4-4F91-AF4E-EC71518699F1}.Debug|Any CPU.ActiveCfg = Debug|Any CPU
		{C5D7D692-4EB4-4F91-AF4E-EC71518699F1}.Debug|Any CPU.Build.0 = Debug|Any CPU
		{C5D7D692-4EB4-4F91-AF4E-EC71518699F1}.Release|Any CPU.ActiveCfg = Release|Any CPU
		{C5D7D692-4EB4-4F91-AF4E-EC71518699F1}.Release|Any CPU.Build.0 = Release|Any CPU
		{64AED859-79BD-4976-A685-900653D0AF6A}.Debug|Any CPU.ActiveCfg = Debug|Any CPU
		{64AED859-79BD-4976-A685-900653D0AF6A}.Debug|Any CPU.Build.0 = Debug|Any CPU
		{64AED859-79BD-4976-A685-900653D0AF6A}.Release|Any CPU.ActiveCfg = Release|Any CPU
		{64AED859-79BD-4976-A685-900653D0AF6A}.Release|Any CPU.Build.0 = Release|Any CPU
		{B62AA80C-6C90-4D43-A049-1518837F2CD2}.Debug|Any CPU.ActiveCfg = Debug|Any CPU
		{B62AA80C-6C90-4D43-A049-1518837F2CD2}.Debug|Any CPU.Build.0 = Debug|Any CPU
		{B62AA80C-6C90-4D43-A049-1518837F2CD2}.Release|Any CPU.ActiveCfg = Release|Any CPU
		{B62AA80C-6C90-4D43-A049-1518837F2CD2}.Release|Any CPU.Build.0 = Release|Any CPU
		{347ED6DC-1DB9-4B38-9280-E338AEDC996D}.Debug|Any CPU.ActiveCfg = Debug|Any CPU
		{347ED6DC-1DB9-4B38-9280-E338AEDC996D}.Debug|Any CPU.Build.0 = Debug|Any CPU
		{347ED6DC-1DB9-4B38-9280-E338AEDC996D}.Release|Any CPU.ActiveCfg = Release|Any CPU
		{347ED6DC-1DB9-4B38-9280-E338AEDC996D}.Release|Any CPU.Build.0 = Release|Any CPU
		{520D774E-B213-401E-A761-98756E626BDE}.Debug|Any CPU.ActiveCfg = Debug|Any CPU
		{520D774E-B213-401E-A761-98756E626BDE}.Debug|Any CPU.Build.0 = Debug|Any CPU
		{520D774E-B213-401E-A761-98756E626BDE}.Release|Any CPU.ActiveCfg = Release|Any CPU
		{520D774E-B213-401E-A761-98756E626BDE}.Release|Any CPU.Build.0 = Release|Any CPU
		{CBBF0BBF-DE01-4CE4-AD06-F65436BAF0D6}.Debug|Any CPU.ActiveCfg = Debug|Any CPU
		{CBBF0BBF-DE01-4CE4-AD06-F65436BAF0D6}.Debug|Any CPU.Build.0 = Debug|Any CPU
		{CBBF0BBF-DE01-4CE4-AD06-F65436BAF0D6}.Release|Any CPU.ActiveCfg = Release|Any CPU
		{CBBF0BBF-DE01-4CE4-AD06-F65436BAF0D6}.Release|Any CPU.Build.0 = Release|Any CPU
		{928A4D8B-24D6-4B67-BDF3-9A0CC3DE30C4}.Debug|Any CPU.ActiveCfg = Debug|Any CPU
		{928A4D8B-24D6-4B67-BDF3-9A0CC3DE30C4}.Debug|Any CPU.Build.0 = Debug|Any CPU
		{928A4D8B-24D6-4B67-BDF3-9A0CC3DE30C4}.Release|Any CPU.ActiveCfg = Release|Any CPU
		{928A4D8B-24D6-4B67-BDF3-9A0CC3DE30C4}.Release|Any CPU.Build.0 = Release|Any CPU
		{26C96AE1-DCDA-4C09-B160-2BCF22AAE413}.Debug|Any CPU.ActiveCfg = Debug|Any CPU
		{26C96AE1-DCDA-4C09-B160-2BCF22AAE413}.Debug|Any CPU.Build.0 = Debug|Any CPU
		{26C96AE1-DCDA-4C09-B160-2BCF22AAE413}.Release|Any CPU.ActiveCfg = Release|Any CPU
		{26C96AE1-DCDA-4C09-B160-2BCF22AAE413}.Release|Any CPU.Build.0 = Release|Any CPU
	EndGlobalSection
	GlobalSection(SolutionProperties) = preSolution
		HideSolutionNode = FALSE
	EndGlobalSection
	GlobalSection(ExtensibilityGlobals) = postSolution
		SolutionGuid = {125C7B0C-2F27-4E28-9C28-29637D4282E1}
	EndGlobalSection
EndGlobal
