
Microsoft Visual Studio Solution File, Format Version 12.00
# Visual Studio Version 17
VisualStudioVersion = 17.0.31903.59
MinimumVisualStudioVersion = 10.0.40219.1
Project("{FAE04EC0-301F-11D3-BF4B-00C04F79EFBC}") = "Day01", "Day01\Day01.csproj", "{90071E80-1A6B-4C7C-8392-FC38EB7235BD}"
EndProject
Project("{FAE04EC0-301F-11D3-BF4B-00C04F79EFBC}") = "Day02", "Day02\Day02.csproj", "{B9494EFA-44DE-4508-916A-293B2824022D}"
EndProject
Project("{FAE04EC0-301F-11D3-BF4B-00C04F79EFBC}") = "Day03", "Day03\Day03.csproj", "{9F256152-7E38-46CF-A8B5-9000F73FC43B}"
EndProject
Project("{FAE04EC0-301F-11D3-BF4B-00C04F79EFBC}") = "Day04", "Day04\Day04.csproj", "{18EA16D7-CBCC-4EED-AF04-848716456CC2}"
EndProject
Project("{FAE04EC0-301F-11D3-BF4B-00C04F79EFBC}") = "Day05", "Day05\Day05.csproj", "{ECE1CAC9-27AC-46A3-B79B-F2B75631D403}"
EndProject
Project("{FAE04EC0-301F-11D3-BF4B-00C04F79EFBC}") = "Day06", "Day06\Day06.csproj", "{12B2B316-8553-4A6C-AD74-ED0A56709BC7}"
EndProject
Project("{FAE04EC0-301F-11D3-BF4B-00C04F79EFBC}") = "Day07", "Day07\Day07.csproj", "{B744F958-2CC1-4829-A457-4C35D3612184}"
EndProject
Project("{FAE04EC0-301F-11D3-BF4B-00C04F79EFBC}") = "Day08", "Day08\Day08.csproj", "{FF9186FA-1D35-4F2E-969B-F023A022ED61}"
EndProject
Project("{FAE04EC0-301F-11D3-BF4B-00C04F79EFBC}") = "Day09", "Day09\Day09.csproj", "{F3D43593-806D-4B3F-BA73-22C80CCA51FC}"
EndProject
Project("{FAE04EC0-301F-11D3-BF4B-00C04F79EFBC}") = "Day10", "Day10\Day10.csproj", "{AF656BFA-56C3-40A0-BE55-BFA2526892C2}"
EndProject
Project("{FAE04EC0-301F-11D3-BF4B-00C04F79EFBC}") = "Day11", "Day11\Day11.csproj", "{478FFD53-028C-4460-AE1C-E6C491494236}"
EndProject
Project("{FAE04EC0-301F-11D3-BF4B-00C04F79EFBC}") = "Day12", "Day12\Day12.csproj", "{0751A47D-4969-4502-8700-BFBCC436D1E0}"
EndProject
Project("{FAE04EC0-301F-11D3-BF4B-00C04F79EFBC}") = "Day13", "Day13\Day13.csproj", "{87ED77DA-4553-415A-BB89-6AAC0F006015}"
EndProject
Project("{FAE04EC0-301F-11D3-BF4B-00C04F79EFBC}") = "Day14", "Day14\Day14.csproj", "{5C23C861-63D0-4AB7-85CA-94E6C44491B1}"
EndProject
Project("{FAE04EC0-301F-11D3-BF4B-00C04F79EFBC}") = "Day15", "Day15\Day15.csproj", "{FD607CF3-A5B4-49ED-85EB-266BB4EB4823}"
EndProject
Project("{FAE04EC0-301F-11D3-BF4B-00C04F79EFBC}") = "Day16", "Day16\Day16.csproj", "{9C85E244-CA8B-4769-862F-3E84614301C4}"
EndProject
Project("{FAE04EC0-301F-11D3-BF4B-00C04F79EFBC}") = "Day17", "Day17\Day17.csproj", "{BEB8F462-3736-4684-8720-CC733C332079}"
EndProject
Global
	GlobalSection(SolutionConfigurationPlatforms) = preSolution
		Debug|Any CPU = Debug|Any CPU
		Release|Any CPU = Release|Any CPU
	EndGlobalSection
	GlobalSection(SolutionProperties) = preSolution
		HideSolutionNode = FALSE
	EndGlobalSection
	GlobalSection(ProjectConfigurationPlatforms) = postSolution
		{90071E80-1A6B-4C7C-8392-FC38EB7235BD}.Debug|Any CPU.ActiveCfg = Debug|Any CPU
		{90071E80-1A6B-4C7C-8392-FC38EB7235BD}.Debug|Any CPU.Build.0 = Debug|Any CPU
		{90071E80-1A6B-4C7C-8392-FC38EB7235BD}.Release|Any CPU.ActiveCfg = Release|Any CPU
		{90071E80-1A6B-4C7C-8392-FC38EB7235BD}.Release|Any CPU.Build.0 = Release|Any CPU
		{B9494EFA-44DE-4508-916A-293B2824022D}.Debug|Any CPU.ActiveCfg = Debug|Any CPU
		{B9494EFA-44DE-4508-916A-293B2824022D}.Debug|Any CPU.Build.0 = Debug|Any CPU
		{B9494EFA-44DE-4508-916A-293B2824022D}.Release|Any CPU.ActiveCfg = Release|Any CPU
		{B9494EFA-44DE-4508-916A-293B2824022D}.Release|Any CPU.Build.0 = Release|Any CPU
		{9F256152-7E38-46CF-A8B5-9000F73FC43B}.Debug|Any CPU.ActiveCfg = Debug|Any CPU
		{9F256152-7E38-46CF-A8B5-9000F73FC43B}.Debug|Any CPU.Build.0 = Debug|Any CPU
		{9F256152-7E38-46CF-A8B5-9000F73FC43B}.Release|Any CPU.ActiveCfg = Release|Any CPU
		{9F256152-7E38-46CF-A8B5-9000F73FC43B}.Release|Any CPU.Build.0 = Release|Any CPU
		{18EA16D7-CBCC-4EED-AF04-848716456CC2}.Debug|Any CPU.ActiveCfg = Debug|Any CPU
		{18EA16D7-CBCC-4EED-AF04-848716456CC2}.Debug|Any CPU.Build.0 = Debug|Any CPU
		{18EA16D7-CBCC-4EED-AF04-848716456CC2}.Release|Any CPU.ActiveCfg = Release|Any CPU
		{18EA16D7-CBCC-4EED-AF04-848716456CC2}.Release|Any CPU.Build.0 = Release|Any CPU
		{ECE1CAC9-27AC-46A3-B79B-F2B75631D403}.Debug|Any CPU.ActiveCfg = Debug|Any CPU
		{ECE1CAC9-27AC-46A3-B79B-F2B75631D403}.Debug|Any CPU.Build.0 = Debug|Any CPU
		{ECE1CAC9-27AC-46A3-B79B-F2B75631D403}.Release|Any CPU.ActiveCfg = Release|Any CPU
		{ECE1CAC9-27AC-46A3-B79B-F2B75631D403}.Release|Any CPU.Build.0 = Release|Any CPU
		{12B2B316-8553-4A6C-AD74-ED0A56709BC7}.Debug|Any CPU.ActiveCfg = Debug|Any CPU
		{12B2B316-8553-4A6C-AD74-ED0A56709BC7}.Debug|Any CPU.Build.0 = Debug|Any CPU
		{12B2B316-8553-4A6C-AD74-ED0A56709BC7}.Release|Any CPU.ActiveCfg = Release|Any CPU
		{12B2B316-8553-4A6C-AD74-ED0A56709BC7}.Release|Any CPU.Build.0 = Release|Any CPU
		{B744F958-2CC1-4829-A457-4C35D3612184}.Debug|Any CPU.ActiveCfg = Debug|Any CPU
		{B744F958-2CC1-4829-A457-4C35D3612184}.Debug|Any CPU.Build.0 = Debug|Any CPU
		{B744F958-2CC1-4829-A457-4C35D3612184}.Release|Any CPU.ActiveCfg = Release|Any CPU
		{B744F958-2CC1-4829-A457-4C35D3612184}.Release|Any CPU.Build.0 = Release|Any CPU
		{FF9186FA-1D35-4F2E-969B-F023A022ED61}.Debug|Any CPU.ActiveCfg = Debug|Any CPU
		{FF9186FA-1D35-4F2E-969B-F023A022ED61}.Debug|Any CPU.Build.0 = Debug|Any CPU
		{FF9186FA-1D35-4F2E-969B-F023A022ED61}.Release|Any CPU.ActiveCfg = Release|Any CPU
		{FF9186FA-1D35-4F2E-969B-F023A022ED61}.Release|Any CPU.Build.0 = Release|Any CPU
		{F3D43593-806D-4B3F-BA73-22C80CCA51FC}.Debug|Any CPU.ActiveCfg = Debug|Any CPU
		{F3D43593-806D-4B3F-BA73-22C80CCA51FC}.Debug|Any CPU.Build.0 = Debug|Any CPU
		{F3D43593-806D-4B3F-BA73-22C80CCA51FC}.Release|Any CPU.ActiveCfg = Release|Any CPU
		{F3D43593-806D-4B3F-BA73-22C80CCA51FC}.Release|Any CPU.Build.0 = Release|Any CPU
		{AF656BFA-56C3-40A0-BE55-BFA2526892C2}.Debug|Any CPU.ActiveCfg = Debug|Any CPU
		{AF656BFA-56C3-40A0-BE55-BFA2526892C2}.Debug|Any CPU.Build.0 = Debug|Any CPU
		{AF656BFA-56C3-40A0-BE55-BFA2526892C2}.Release|Any CPU.ActiveCfg = Release|Any CPU
		{AF656BFA-56C3-40A0-BE55-BFA2526892C2}.Release|Any CPU.Build.0 = Release|Any CPU
		{478FFD53-028C-4460-AE1C-E6C491494236}.Debug|Any CPU.ActiveCfg = Debug|Any CPU
		{478FFD53-028C-4460-AE1C-E6C491494236}.Debug|Any CPU.Build.0 = Debug|Any CPU
		{478FFD53-028C-4460-AE1C-E6C491494236}.Release|Any CPU.ActiveCfg = Release|Any CPU
		{478FFD53-028C-4460-AE1C-E6C491494236}.Release|Any CPU.Build.0 = Release|Any CPU
		{0751A47D-4969-4502-8700-BFBCC436D1E0}.Debug|Any CPU.ActiveCfg = Debug|Any CPU
		{0751A47D-4969-4502-8700-BFBCC436D1E0}.Debug|Any CPU.Build.0 = Debug|Any CPU
		{0751A47D-4969-4502-8700-BFBCC436D1E0}.Release|Any CPU.ActiveCfg = Release|Any CPU
		{0751A47D-4969-4502-8700-BFBCC436D1E0}.Release|Any CPU.Build.0 = Release|Any CPU
		{87ED77DA-4553-415A-BB89-6AAC0F006015}.Debug|Any CPU.ActiveCfg = Debug|Any CPU
		{87ED77DA-4553-415A-BB89-6AAC0F006015}.Debug|Any CPU.Build.0 = Debug|Any CPU
		{87ED77DA-4553-415A-BB89-6AAC0F006015}.Release|Any CPU.ActiveCfg = Release|Any CPU
		{87ED77DA-4553-415A-BB89-6AAC0F006015}.Release|Any CPU.Build.0 = Release|Any CPU
		{5C23C861-63D0-4AB7-85CA-94E6C44491B1}.Debug|Any CPU.ActiveCfg = Debug|Any CPU
		{5C23C861-63D0-4AB7-85CA-94E6C44491B1}.Debug|Any CPU.Build.0 = Debug|Any CPU
		{5C23C861-63D0-4AB7-85CA-94E6C44491B1}.Release|Any CPU.ActiveCfg = Release|Any CPU
		{5C23C861-63D0-4AB7-85CA-94E6C44491B1}.Release|Any CPU.Build.0 = Release|Any CPU
		{FD607CF3-A5B4-49ED-85EB-266BB4EB4823}.Debug|Any CPU.ActiveCfg = Debug|Any CPU
		{FD607CF3-A5B4-49ED-85EB-266BB4EB4823}.Debug|Any CPU.Build.0 = Debug|Any CPU
		{FD607CF3-A5B4-49ED-85EB-266BB4EB4823}.Release|Any CPU.ActiveCfg = Release|Any CPU
		{FD607CF3-A5B4-49ED-85EB-266BB4EB4823}.Release|Any CPU.Build.0 = Release|Any CPU
		{9C85E244-CA8B-4769-862F-3E84614301C4}.Debug|Any CPU.ActiveCfg = Debug|Any CPU
		{9C85E244-CA8B-4769-862F-3E84614301C4}.Debug|Any CPU.Build.0 = Debug|Any CPU
		{9C85E244-CA8B-4769-862F-3E84614301C4}.Release|Any CPU.ActiveCfg = Release|Any CPU
		{9C85E244-CA8B-4769-862F-3E84614301C4}.Release|Any CPU.Build.0 = Release|Any CPU
		{BEB8F462-3736-4684-8720-CC733C332079}.Debug|Any CPU.ActiveCfg = Debug|Any CPU
		{BEB8F462-3736-4684-8720-CC733C332079}.Debug|Any CPU.Build.0 = Debug|Any CPU
		{BEB8F462-3736-4684-8720-CC733C332079}.Release|Any CPU.ActiveCfg = Release|Any CPU
		{BEB8F462-3736-4684-8720-CC733C332079}.Release|Any CPU.Build.0 = Release|Any CPU
	EndGlobalSection
EndGlobal
