
Microsoft Visual Studio Solution File, Format Version 12.00
# Visual Studio Version 17
VisualStudioVersion = 17.0.31903.59
MinimumVisualStudioVersion = 10.0.40219.1
Project("{FAE04EC0-301F-11D3-BF4B-00C04F79EFBC}") = "Day01", "Day01\Day01.csproj", "{90071E80-1A6B-4C7C-8392-FC38EB7235BD}"
EndProject
Project("{FAE04EC0-301F-11D3-BF4B-00C04F79EFBC}") = "Day02", "Day02\Day02.csproj", "{B9494EFA-44DE-4508-916A-293B2824022D}"
EndProject
Project("{FAE04EC0-301F-11D3-BF4B-00C04F79EFBC}") = "Day03", "Day03\Day03.csproj", "{9F256152-7E38-46CF-A8B5-9000F73FC43B}"
EndProject
Project("{FAE04EC0-301F-11D3-BF4B-00C04F79EFBC}") = "Day04", "Day04\Day04.csproj", "{18EA16D7-CBCC-4EED-AF04-848716456CC2}"
EndProject
Project("{FAE04EC0-301F-11D3-BF4B-00C04F79EFBC}") = "Day05", "Day05\Day05.csproj", "{ECE1CAC9-27AC-46A3-B79B-F2B75631D403}"
EndProject
Project("{FAE04EC0-301F-11D3-BF4B-00C04F79EFBC}") = "Day06", "Day06\Day06.csproj", "{12B2B316-8553-4A6C-AD74-ED0A56709BC7}"
EndProject
Project("{FAE04EC0-301F-11D3-BF4B-00C04F79EFBC}") = "Day07", "Day07\Day07.csproj", "{B744F958-2CC1-4829-A457-4C35D3612184}"
EndProject
Global
	GlobalSection(SolutionConfigurationPlatforms) = preSolution
		Debug|Any CPU = Debug|Any CPU
		Release|Any CPU = Release|Any CPU
	EndGlobalSection
	GlobalSection(SolutionProperties) = preSolution
		HideSolutionNode = FALSE
	EndGlobalSection
	GlobalSection(ProjectConfigurationPlatforms) = postSolution
		{90071E80-1A6B-4C7C-8392-FC38EB7235BD}.Debug|Any CPU.ActiveCfg = Debug|Any CPU
		{90071E80-1A6B-4C7C-8392-FC38EB7235BD}.Debug|Any CPU.Build.0 = Debug|Any CPU
		{90071E80-1A6B-4C7C-8392-FC38EB7235BD}.Release|Any CPU.ActiveCfg = Release|Any CPU
		{90071E80-1A6B-4C7C-8392-FC38EB7235BD}.Release|Any CPU.Build.0 = Release|Any CPU
		{B9494EFA-44DE-4508-916A-293B2824022D}.Debug|Any CPU.ActiveCfg = Debug|Any CPU
		{B9494EFA-44DE-4508-916A-293B2824022D}.Debug|Any CPU.Build.0 = Debug|Any CPU
		{B9494EFA-44DE-4508-916A-293B2824022D}.Release|Any CPU.ActiveCfg = Release|Any CPU
		{B9494EFA-44DE-4508-916A-293B2824022D}.Release|Any CPU.Build.0 = Release|Any CPU
		{9F256152-7E38-46CF-A8B5-9000F73FC43B}.Debug|Any CPU.ActiveCfg = Debug|Any CPU
		{9F256152-7E38-46CF-A8B5-9000F73FC43B}.Debug|Any CPU.Build.0 = Debug|Any CPU
		{9F256152-7E38-46CF-A8B5-9000F73FC43B}.Release|Any CPU.ActiveCfg = Release|Any CPU
		{9F256152-7E38-46CF-A8B5-9000F73FC43B}.Release|Any CPU.Build.0 = Release|Any CPU
		{18EA16D7-CBCC-4EED-AF04-848716456CC2}.Debug|Any CPU.ActiveCfg = Debug|Any CPU
		{18EA16D7-CBCC-4EED-AF04-848716456CC2}.Debug|Any CPU.Build.0 = Debug|Any CPU
		{18EA16D7-CBCC-4EED-AF04-848716456CC2}.Release|Any CPU.ActiveCfg = Release|Any CPU
		{18EA16D7-CBCC-4EED-AF04-848716456CC2}.Release|Any CPU.Build.0 = Release|Any CPU
		{ECE1CAC9-27AC-46A3-B79B-F2B75631D403}.Debug|Any CPU.ActiveCfg = Debug|Any CPU
		{ECE1CAC9-27AC-46A3-B79B-F2B75631D403}.Debug|Any CPU.Build.0 = Debug|Any CPU
		{ECE1CAC9-27AC-46A3-B79B-F2B75631D403}.Release|Any CPU.ActiveCfg = Release|Any CPU
		{ECE1CAC9-27AC-46A3-B79B-F2B75631D403}.Release|Any CPU.Build.0 = Release|Any CPU
		{12B2B316-8553-4A6C-AD74-ED0A56709BC7}.Debug|Any CPU.ActiveCfg = Debug|Any CPU
		{12B2B316-8553-4A6C-AD74-ED0A56709BC7}.Debug|Any CPU.Build.0 = Debug|Any CPU
		{12B2B316-8553-4A6C-AD74-ED0A56709BC7}.Release|Any CPU.ActiveCfg = Release|Any CPU
		{12B2B316-8553-4A6C-AD74-ED0A56709BC7}.Release|Any CPU.Build.0 = Release|Any CPU
		{B744F958-2CC1-4829-A457-4C35D3612184}.Debug|Any CPU.ActiveCfg = Debug|Any CPU
		{B744F958-2CC1-4829-A457-4C35D3612184}.Debug|Any CPU.Build.0 = Debug|Any CPU
		{B744F958-2CC1-4829-A457-4C35D3612184}.Release|Any CPU.ActiveCfg = Release|Any CPU
		{B744F958-2CC1-4829-A457-4C35D3612184}.Release|Any CPU.Build.0 = Release|Any CPU
	EndGlobalSection
EndGlobal
