
Microsoft Visual Studio Solution File, Format Version 12.00
# Visual Studio Version 17
VisualStudioVersion = 17.5.002.0
MinimumVisualStudioVersion = 10.0.40219.1
Project("{9A19103F-16F7-4668-BE54-9A1E7A4F7556}") = "Day01", "Day01\Day01.csproj", "{37808B2C-8571-4F2A-B0E9-E92CA7AF85B9}"
EndProject
Project("{9A19103F-16F7-4668-BE54-9A1E7A4F7556}") = "Day02", "Day02\Day02.csproj", "{1AF7064F-7199-4358-814D-63FCE60ED575}"
EndProject
Project("{9A19103F-16F7-4668-BE54-9A1E7A4F7556}") = "Day03", "Day03\Day03.csproj", "{81897C2F-3E40-491B-9D85-814AA4E2F1C3}"
EndProject
Project("{9A19103F-16F7-4668-BE54-9A1E7A4F7556}") = "Day04", "Day04\Day04.csproj", "{2761CFE7-95A8-49F6-95CB-E681544F5DD6}"
EndProject
Project("{FAE04EC0-301F-11D3-BF4B-00C04F79EFBC}") = "Day05", "Day05\Day05.csproj", "{6BF60972-AECA-4187-B9D0-BB0EC5974F2C}"
EndProject
Project("{FAE04EC0-301F-11D3-BF4B-00C04F79EFBC}") = "Day06", "Day06\Day06.csproj", "{31B2F6F0-8B22-4417-AD49-DF54674AF5D0}"
EndProject
Project("{FAE04EC0-301F-11D3-BF4B-00C04F79EFBC}") = "Day07", "Day07\Day07.csproj", "{91AA936A-BC40-4563-B65D-4CEB936DD60C}"
EndProject
Project("{FAE04EC0-301F-11D3-BF4B-00C04F79EFBC}") = "Day08", "Day08\Day08.csproj", "{503C5DA9-FA57-4A73-A422-0F22E605A760}"
EndProject
Global
	GlobalSection(SolutionConfigurationPlatforms) = preSolution
		Debug|Any CPU = Debug|Any CPU
		Release|Any CPU = Release|Any CPU
	EndGlobalSection
	GlobalSection(ProjectConfigurationPlatforms) = postSolution
		{37808B2C-8571-4F2A-B0E9-E92CA7AF85B9}.Debug|Any CPU.ActiveCfg = Debug|Any CPU
		{37808B2C-8571-4F2A-B0E9-E92CA7AF85B9}.Debug|Any CPU.Build.0 = Debug|Any CPU
		{37808B2C-8571-4F2A-B0E9-E92CA7AF85B9}.Release|Any CPU.ActiveCfg = Release|Any CPU
		{37808B2C-8571-4F2A-B0E9-E92CA7AF85B9}.Release|Any CPU.Build.0 = Release|Any CPU
		{1AF7064F-7199-4358-814D-63FCE60ED575}.Debug|Any CPU.ActiveCfg = Debug|Any CPU
		{1AF7064F-7199-4358-814D-63FCE60ED575}.Debug|Any CPU.Build.0 = Debug|Any CPU
		{1AF7064F-7199-4358-814D-63FCE60ED575}.Release|Any CPU.ActiveCfg = Release|Any CPU
		{1AF7064F-7199-4358-814D-63FCE60ED575}.Release|Any CPU.Build.0 = Release|Any CPU
		{81897C2F-3E40-491B-9D85-814AA4E2F1C3}.Debug|Any CPU.ActiveCfg = Debug|Any CPU
		{81897C2F-3E40-491B-9D85-814AA4E2F1C3}.Debug|Any CPU.Build.0 = Debug|Any CPU
		{81897C2F-3E40-491B-9D85-814AA4E2F1C3}.Release|Any CPU.ActiveCfg = Release|Any CPU
		{81897C2F-3E40-491B-9D85-814AA4E2F1C3}.Release|Any CPU.Build.0 = Release|Any CPU
		{2761CFE7-95A8-49F6-95CB-E681544F5DD6}.Debug|Any CPU.ActiveCfg = Debug|Any CPU
		{2761CFE7-95A8-49F6-95CB-E681544F5DD6}.Debug|Any CPU.Build.0 = Debug|Any CPU
		{2761CFE7-95A8-49F6-95CB-E681544F5DD6}.Release|Any CPU.ActiveCfg = Release|Any CPU
		{2761CFE7-95A8-49F6-95CB-E681544F5DD6}.Release|Any CPU.Build.0 = Release|Any CPU
		{6BF60972-AECA-4187-B9D0-BB0EC5974F2C}.Debug|Any CPU.ActiveCfg = Debug|Any CPU
		{6BF60972-AECA-4187-B9D0-BB0EC5974F2C}.Debug|Any CPU.Build.0 = Debug|Any CPU
		{6BF60972-AECA-4187-B9D0-BB0EC5974F2C}.Release|Any CPU.ActiveCfg = Release|Any CPU
		{6BF60972-AECA-4187-B9D0-BB0EC5974F2C}.Release|Any CPU.Build.0 = Release|Any CPU
		{31B2F6F0-8B22-4417-AD49-DF54674AF5D0}.Debug|Any CPU.ActiveCfg = Debug|Any CPU
		{31B2F6F0-8B22-4417-AD49-DF54674AF5D0}.Debug|Any CPU.Build.0 = Debug|Any CPU
		{31B2F6F0-8B22-4417-AD49-DF54674AF5D0}.Release|Any CPU.ActiveCfg = Release|Any CPU
		{31B2F6F0-8B22-4417-AD49-DF54674AF5D0}.Release|Any CPU.Build.0 = Release|Any CPU
		{91AA936A-BC40-4563-B65D-4CEB936DD60C}.Debug|Any CPU.ActiveCfg = Debug|Any CPU
		{91AA936A-BC40-4563-B65D-4CEB936DD60C}.Debug|Any CPU.Build.0 = Debug|Any CPU
		{91AA936A-BC40-4563-B65D-4CEB936DD60C}.Release|Any CPU.ActiveCfg = Release|Any CPU
		{91AA936A-BC40-4563-B65D-4CEB936DD60C}.Release|Any CPU.Build.0 = Release|Any CPU
		{503C5DA9-FA57-4A73-A422-0F22E605A760}.Debug|Any CPU.ActiveCfg = Debug|Any CPU
		{503C5DA9-FA57-4A73-A422-0F22E605A760}.Debug|Any CPU.Build.0 = Debug|Any CPU
		{503C5DA9-FA57-4A73-A422-0F22E605A760}.Release|Any CPU.ActiveCfg = Release|Any CPU
		{503C5DA9-FA57-4A73-A422-0F22E605A760}.Release|Any CPU.Build.0 = Release|Any CPU
	EndGlobalSection
	GlobalSection(SolutionProperties) = preSolution
		HideSolutionNode = FALSE
	EndGlobalSection
	GlobalSection(ExtensibilityGlobals) = postSolution
		SolutionGuid = {62EFA570-C4E7-4CBF-A300-DB8054AEF39B}
	EndGlobalSection
EndGlobal
