
Microsoft Visual Studio Solution File, Format Version 12.00
# Visual Studio Version 17
VisualStudioVersion = 17.5.002.0
MinimumVisualStudioVersion = 10.0.40219.1
Project("{9A19103F-16F7-4668-BE54-9A1E7A4F7556}") = "Day01", "Day01\Day01.csproj", "{C321C011-2E99-40ED-9A36-4EE88D628359}"
EndProject
Project("{9A19103F-16F7-4668-BE54-9A1E7A4F7556}") = "Day02", "Day02\Day02.csproj", "{F8C3430F-970D-4A03-8D32-F4AD081C5BD8}"
EndProject
Project("{9A19103F-16F7-4668-BE54-9A1E7A4F7556}") = "Day03", "Day03\Day03.csproj", "{F0C407BE-76CF-4503-BC25-902F089011E4}"
EndProject
Project("{9A19103F-16F7-4668-BE54-9A1E7A4F7556}") = "Day04", "Day04\Day04.csproj", "{52CF0FB9-4A66-4A94-99B3-95EF4C6717C5}"
EndProject
Project("{9A19103F-16F7-4668-BE54-9A1E7A4F7556}") = "Day05", "Day05\Day05.csproj", "{7A1FD479-5DE7-4F42-A027-4B0E4AC8A10D}"
EndProject
Project("{9A19103F-16F7-4668-BE54-9A1E7A4F7556}") = "Day06", "Day06\Day06.csproj", "{37ABA3E1-5CD4-48F5-B0CD-19E753259EA0}"
EndProject
Project("{9A19103F-16F7-4668-BE54-9A1E7A4F7556}") = "Day07", "Day07\Day07.csproj", "{B4220D22-0D1B-40B5-86A5-23098AAF35D1}"
EndProject
Project("{9A19103F-16F7-4668-BE54-9A1E7A4F7556}") = "Day08", "Day08\Day08.csproj", "{4EC3D9F5-D41D-498C-A846-ECB108B9BD96}"
EndProject
Project("{9A19103F-16F7-4668-BE54-9A1E7A4F7556}") = "Day09", "Day09\Day09.csproj", "{5AE17F77-14F9-4739-926E-E5620DC3C52E}"
EndProject
Project("{9A19103F-16F7-4668-BE54-9A1E7A4F7556}") = "Day10", "Day10\Day10.csproj", "{F7763535-4C33-4D72-BAFB-6EAB22687A6C}"
EndProject
Project("{9A19103F-16F7-4668-BE54-9A1E7A4F7556}") = "Day11", "Day11\Day11.csproj", "{0DEDC738-676A-4026-AD99-B24DFF8CC52B}"
EndProject
Project("{9A19103F-16F7-4668-BE54-9A1E7A4F7556}") = "Day12", "Day12\Day12.csproj", "{9C019EAB-400E-4A8A-97E4-B03CB80063E3}"
EndProject
Project("{9A19103F-16F7-4668-BE54-9A1E7A4F7556}") = "Day13", "Day13\Day13.csproj", "{82575066-F01E-457D-BECA-4CE8D2F884D7}"
EndProject
Project("{9A19103F-16F7-4668-BE54-9A1E7A4F7556}") = "Day14", "Day14\Day14.csproj", "{A17B1C55-1AAB-402A-B7CD-45B6BD288AED}"
EndProject
Project("{9A19103F-16F7-4668-BE54-9A1E7A4F7556}") = "Day15", "Day15\Day15.csproj", "{A7F4C871-7C30-41C4-A929-30487402CD96}"
EndProject
Project("{9A19103F-16F7-4668-BE54-9A1E7A4F7556}") = "Day16", "Day16\Day16.csproj", "{0CDEC9B2-F1D9-4A9E-887C-98F24F8E596A}"
EndProject
Project("{9A19103F-16F7-4668-BE54-9A1E7A4F7556}") = "Day17", "Day17\Day17.csproj", "{81475BD6-61E4-4A41-9362-F41FA6A03CD5}"
EndProject
Project("{9A19103F-16F7-4668-BE54-9A1E7A4F7556}") = "Day18", "Day18\Day18.csproj", "{F20DF296-084B-46E5-87FB-691011293F31}"
EndProject
Project("{9A19103F-16F7-4668-BE54-9A1E7A4F7556}") = "Day19", "Day19\Day19.csproj", "{22D733D0-B196-45FF-B3C2-959AC8E9567F}"
EndProject
Project("{9A19103F-16F7-4668-BE54-9A1E7A4F7556}") = "Day20", "Day20\Day20.csproj", "{F3FC3759-7C5E-41B0-899C-10EDBEA83DA4}"
EndProject
Project("{9A19103F-16F7-4668-BE54-9A1E7A4F7556}") = "Day21", "Day21\Day21.csproj", "{9B27ED98-9DA8-4D13-95E2-5A26633EC168}"
EndProject
Project("{9A19103F-16F7-4668-BE54-9A1E7A4F7556}") = "Day22", "Day22\Day22.csproj", "{C15C46AC-B424-4901-8222-2E5FC8FE1626}"
EndProject
Project("{9A19103F-16F7-4668-BE54-9A1E7A4F7556}") = "Day23", "Day23\Day23.csproj", "{CF43D509-56F7-49FA-AF47-FF3EDB47EF3A}"
EndProject
Project("{9A19103F-16F7-4668-BE54-9A1E7A4F7556}") = "Day24", "Day24\Day24.csproj", "{831B2AF6-A762-4E91-BD47-CE9C2B086488}"
EndProject
Project("{9A19103F-16F7-4668-BE54-9A1E7A4F7556}") = "Day25", "Day25\Day25.csproj", "{67F2A313-6F27-4061-B8A7-32A98419AE2F}"
EndProject
Global
	GlobalSection(SolutionConfigurationPlatforms) = preSolution
		Debug|Any CPU = Debug|Any CPU
		Release|Any CPU = Release|Any CPU
	EndGlobalSection
	GlobalSection(ProjectConfigurationPlatforms) = postSolution
		{C321C011-2E99-40ED-9A36-4EE88D628359}.Debug|Any CPU.ActiveCfg = Debug|Any CPU
		{C321C011-2E99-40ED-9A36-4EE88D628359}.Debug|Any CPU.Build.0 = Debug|Any CPU
		{C321C011-2E99-40ED-9A36-4EE88D628359}.Release|Any CPU.ActiveCfg = Release|Any CPU
		{C321C011-2E99-40ED-9A36-4EE88D628359}.Release|Any CPU.Build.0 = Release|Any CPU
		{F8C3430F-970D-4A03-8D32-F4AD081C5BD8}.Debug|Any CPU.ActiveCfg = Debug|Any CPU
		{F8C3430F-970D-4A03-8D32-F4AD081C5BD8}.Debug|Any CPU.Build.0 = Debug|Any CPU
		{F8C3430F-970D-4A03-8D32-F4AD081C5BD8}.Release|Any CPU.ActiveCfg = Release|Any CPU
		{F8C3430F-970D-4A03-8D32-F4AD081C5BD8}.Release|Any CPU.Build.0 = Release|Any CPU
		{F0C407BE-76CF-4503-BC25-902F089011E4}.Debug|Any CPU.ActiveCfg = Debug|Any CPU
		{F0C407BE-76CF-4503-BC25-902F089011E4}.Debug|Any CPU.Build.0 = Debug|Any CPU
		{F0C407BE-76CF-4503-BC25-902F089011E4}.Release|Any CPU.ActiveCfg = Release|Any CPU
		{F0C407BE-76CF-4503-BC25-902F089011E4}.Release|Any CPU.Build.0 = Release|Any CPU
		{52CF0FB9-4A66-4A94-99B3-95EF4C6717C5}.Debug|Any CPU.ActiveCfg = Debug|Any CPU
		{52CF0FB9-4A66-4A94-99B3-95EF4C6717C5}.Debug|Any CPU.Build.0 = Debug|Any CPU
		{52CF0FB9-4A66-4A94-99B3-95EF4C6717C5}.Release|Any CPU.ActiveCfg = Release|Any CPU
		{52CF0FB9-4A66-4A94-99B3-95EF4C6717C5}.Release|Any CPU.Build.0 = Release|Any CPU
		{7A1FD479-5DE7-4F42-A027-4B0E4AC8A10D}.Debug|Any CPU.ActiveCfg = Debug|Any CPU
		{7A1FD479-5DE7-4F42-A027-4B0E4AC8A10D}.Debug|Any CPU.Build.0 = Debug|Any CPU
		{7A1FD479-5DE7-4F42-A027-4B0E4AC8A10D}.Release|Any CPU.ActiveCfg = Release|Any CPU
		{7A1FD479-5DE7-4F42-A027-4B0E4AC8A10D}.Release|Any CPU.Build.0 = Release|Any CPU
		{37ABA3E1-5CD4-48F5-B0CD-19E753259EA0}.Debug|Any CPU.ActiveCfg = Debug|Any CPU
		{37ABA3E1-5CD4-48F5-B0CD-19E753259EA0}.Debug|Any CPU.Build.0 = Debug|Any CPU
		{37ABA3E1-5CD4-48F5-B0CD-19E753259EA0}.Release|Any CPU.ActiveCfg = Release|Any CPU
		{37ABA3E1-5CD4-48F5-B0CD-19E753259EA0}.Release|Any CPU.Build.0 = Release|Any CPU
		{B4220D22-0D1B-40B5-86A5-23098AAF35D1}.Debug|Any CPU.ActiveCfg = Debug|Any CPU
		{B4220D22-0D1B-40B5-86A5-23098AAF35D1}.Debug|Any CPU.Build.0 = Debug|Any CPU
		{B4220D22-0D1B-40B5-86A5-23098AAF35D1}.Release|Any CPU.ActiveCfg = Release|Any CPU
		{B4220D22-0D1B-40B5-86A5-23098AAF35D1}.Release|Any CPU.Build.0 = Release|Any CPU
		{4EC3D9F5-D41D-498C-A846-ECB108B9BD96}.Debug|Any CPU.ActiveCfg = Debug|Any CPU
		{4EC3D9F5-D41D-498C-A846-ECB108B9BD96}.Debug|Any CPU.Build.0 = Debug|Any CPU
		{4EC3D9F5-D41D-498C-A846-ECB108B9BD96}.Release|Any CPU.ActiveCfg = Release|Any CPU
		{4EC3D9F5-D41D-498C-A846-ECB108B9BD96}.Release|Any CPU.Build.0 = Release|Any CPU
		{5AE17F77-14F9-4739-926E-E5620DC3C52E}.Debug|Any CPU.ActiveCfg = Debug|Any CPU
		{5AE17F77-14F9-4739-926E-E5620DC3C52E}.Debug|Any CPU.Build.0 = Debug|Any CPU
		{5AE17F77-14F9-4739-926E-E5620DC3C52E}.Release|Any CPU.ActiveCfg = Release|Any CPU
		{5AE17F77-14F9-4739-926E-E5620DC3C52E}.Release|Any CPU.Build.0 = Release|Any CPU
		{F7763535-4C33-4D72-BAFB-6EAB22687A6C}.Debug|Any CPU.ActiveCfg = Debug|Any CPU
		{F7763535-4C33-4D72-BAFB-6EAB22687A6C}.Debug|Any CPU.Build.0 = Debug|Any CPU
		{F7763535-4C33-4D72-BAFB-6EAB22687A6C}.Release|Any CPU.ActiveCfg = Release|Any CPU
		{F7763535-4C33-4D72-BAFB-6EAB22687A6C}.Release|Any CPU.Build.0 = Release|Any CPU
		{0DEDC738-676A-4026-AD99-B24DFF8CC52B}.Debug|Any CPU.ActiveCfg = Debug|Any CPU
		{0DEDC738-676A-4026-AD99-B24DFF8CC52B}.Debug|Any CPU.Build.0 = Debug|Any CPU
		{0DEDC738-676A-4026-AD99-B24DFF8CC52B}.Release|Any CPU.ActiveCfg = Release|Any CPU
		{0DEDC738-676A-4026-AD99-B24DFF8CC52B}.Release|Any CPU.Build.0 = Release|Any CPU
		{9C019EAB-400E-4A8A-97E4-B03CB80063E3}.Debug|Any CPU.ActiveCfg = Debug|Any CPU
		{9C019EAB-400E-4A8A-97E4-B03CB80063E3}.Debug|Any CPU.Build.0 = Debug|Any CPU
		{9C019EAB-400E-4A8A-97E4-B03CB80063E3}.Release|Any CPU.ActiveCfg = Release|Any CPU
		{9C019EAB-400E-4A8A-97E4-B03CB80063E3}.Release|Any CPU.Build.0 = Release|Any CPU
		{82575066-F01E-457D-BECA-4CE8D2F884D7}.Debug|Any CPU.ActiveCfg = Debug|Any CPU
		{82575066-F01E-457D-BECA-4CE8D2F884D7}.Debug|Any CPU.Build.0 = Debug|Any CPU
		{82575066-F01E-457D-BECA-4CE8D2F884D7}.Release|Any CPU.ActiveCfg = Release|Any CPU
		{82575066-F01E-457D-BECA-4CE8D2F884D7}.Release|Any CPU.Build.0 = Release|Any CPU
		{A17B1C55-1AAB-402A-B7CD-45B6BD288AED}.Debug|Any CPU.ActiveCfg = Debug|Any CPU
		{A17B1C55-1AAB-402A-B7CD-45B6BD288AED}.Debug|Any CPU.Build.0 = Debug|Any CPU
		{A17B1C55-1AAB-402A-B7CD-45B6BD288AED}.Release|Any CPU.ActiveCfg = Release|Any CPU
		{A17B1C55-1AAB-402A-B7CD-45B6BD288AED}.Release|Any CPU.Build.0 = Release|Any CPU
		{A7F4C871-7C30-41C4-A929-30487402CD96}.Debug|Any CPU.ActiveCfg = Debug|Any CPU
		{A7F4C871-7C30-41C4-A929-30487402CD96}.Debug|Any CPU.Build.0 = Debug|Any CPU
		{A7F4C871-7C30-41C4-A929-30487402CD96}.Release|Any CPU.ActiveCfg = Release|Any CPU
		{A7F4C871-7C30-41C4-A929-30487402CD96}.Release|Any CPU.Build.0 = Release|Any CPU
		{0CDEC9B2-F1D9-4A9E-887C-98F24F8E596A}.Debug|Any CPU.ActiveCfg = Debug|Any CPU
		{0CDEC9B2-F1D9-4A9E-887C-98F24F8E596A}.Debug|Any CPU.Build.0 = Debug|Any CPU
		{0CDEC9B2-F1D9-4A9E-887C-98F24F8E596A}.Release|Any CPU.ActiveCfg = Release|Any CPU
		{0CDEC9B2-F1D9-4A9E-887C-98F24F8E596A}.Release|Any CPU.Build.0 = Release|Any CPU
		{81475BD6-61E4-4A41-9362-F41FA6A03CD5}.Debug|Any CPU.ActiveCfg = Debug|Any CPU
		{81475BD6-61E4-4A41-9362-F41FA6A03CD5}.Debug|Any CPU.Build.0 = Debug|Any CPU
		{81475BD6-61E4-4A41-9362-F41FA6A03CD5}.Release|Any CPU.ActiveCfg = Release|Any CPU
		{81475BD6-61E4-4A41-9362-F41FA6A03CD5}.Release|Any CPU.Build.0 = Release|Any CPU
		{F20DF296-084B-46E5-87FB-691011293F31}.Debug|Any CPU.ActiveCfg = Debug|Any CPU
		{F20DF296-084B-46E5-87FB-691011293F31}.Debug|Any CPU.Build.0 = Debug|Any CPU
		{F20DF296-084B-46E5-87FB-691011293F31}.Release|Any CPU.ActiveCfg = Release|Any CPU
		{F20DF296-084B-46E5-87FB-691011293F31}.Release|Any CPU.Build.0 = Release|Any CPU
		{22D733D0-B196-45FF-B3C2-959AC8E9567F}.Debug|Any CPU.ActiveCfg = Debug|Any CPU
		{22D733D0-B196-45FF-B3C2-959AC8E9567F}.Debug|Any CPU.Build.0 = Debug|Any CPU
		{22D733D0-B196-45FF-B3C2-959AC8E9567F}.Release|Any CPU.ActiveCfg = Release|Any CPU
		{22D733D0-B196-45FF-B3C2-959AC8E9567F}.Release|Any CPU.Build.0 = Release|Any CPU
		{F3FC3759-7C5E-41B0-899C-10EDBEA83DA4}.Debug|Any CPU.ActiveCfg = Debug|Any CPU
		{F3FC3759-7C5E-41B0-899C-10EDBEA83DA4}.Debug|Any CPU.Build.0 = Debug|Any CPU
		{F3FC3759-7C5E-41B0-899C-10EDBEA83DA4}.Release|Any CPU.ActiveCfg = Release|Any CPU
		{F3FC3759-7C5E-41B0-899C-10EDBEA83DA4}.Release|Any CPU.Build.0 = Release|Any CPU
		{9B27ED98-9DA8-4D13-95E2-5A26633EC168}.Debug|Any CPU.ActiveCfg = Debug|Any CPU
		{9B27ED98-9DA8-4D13-95E2-5A26633EC168}.Debug|Any CPU.Build.0 = Debug|Any CPU
		{9B27ED98-9DA8-4D13-95E2-5A26633EC168}.Release|Any CPU.ActiveCfg = Release|Any CPU
		{9B27ED98-9DA8-4D13-95E2-5A26633EC168}.Release|Any CPU.Build.0 = Release|Any CPU
		{C15C46AC-B424-4901-8222-2E5FC8FE1626}.Debug|Any CPU.ActiveCfg = Debug|Any CPU
		{C15C46AC-B424-4901-8222-2E5FC8FE1626}.Debug|Any CPU.Build.0 = Debug|Any CPU
		{C15C46AC-B424-4901-8222-2E5FC8FE1626}.Release|Any CPU.ActiveCfg = Release|Any CPU
		{C15C46AC-B424-4901-8222-2E5FC8FE1626}.Release|Any CPU.Build.0 = Release|Any CPU
		{CF43D509-56F7-49FA-AF47-FF3EDB47EF3A}.Debug|Any CPU.ActiveCfg = Debug|Any CPU
		{CF43D509-56F7-49FA-AF47-FF3EDB47EF3A}.Debug|Any CPU.Build.0 = Debug|Any CPU
		{CF43D509-56F7-49FA-AF47-FF3EDB47EF3A}.Release|Any CPU.ActiveCfg = Release|Any CPU
		{CF43D509-56F7-49FA-AF47-FF3EDB47EF3A}.Release|Any CPU.Build.0 = Release|Any CPU
		{831B2AF6-A762-4E91-BD47-CE9C2B086488}.Debug|Any CPU.ActiveCfg = Debug|Any CPU
		{831B2AF6-A762-4E91-BD47-CE9C2B086488}.Debug|Any CPU.Build.0 = Debug|Any CPU
		{831B2AF6-A762-4E91-BD47-CE9C2B086488}.Release|Any CPU.ActiveCfg = Release|Any CPU
		{831B2AF6-A762-4E91-BD47-CE9C2B086488}.Release|Any CPU.Build.0 = Release|Any CPU
		{67F2A313-6F27-4061-B8A7-32A98419AE2F}.Debug|Any CPU.ActiveCfg = Debug|Any CPU
		{67F2A313-6F27-4061-B8A7-32A98419AE2F}.Debug|Any CPU.Build.0 = Debug|Any CPU
		{67F2A313-6F27-4061-B8A7-32A98419AE2F}.Release|Any CPU.ActiveCfg = Release|Any CPU
		{67F2A313-6F27-4061-B8A7-32A98419AE2F}.Release|Any CPU.Build.0 = Release|Any CPU
	EndGlobalSection
	GlobalSection(SolutionProperties) = preSolution
		HideSolutionNode = FALSE
	EndGlobalSection
	GlobalSection(ExtensibilityGlobals) = postSolution
		SolutionGuid = {4A834D11-D25B-4CC9-B371-132D508219F9}
	EndGlobalSection
EndGlobal
